// !$*UTF8*$!
{
	archiveVersion = 1;
	classes = {
	};
	objectVersion = 46;
	objects = {

/* Begin PBXBuildFile section */
		6A517F9B1A25C98700371C2C /* ToDoTableViewController.swift in Sources */ = {isa = PBXBuildFile; fileRef = 6A517F9A1A25C98700371C2C /* ToDoTableViewController.swift */; };
		6A517F9D1A25D17700371C2C /* ToDoTableViewCell.swift in Sources */ = {isa = PBXBuildFile; fileRef = 6A517F9C1A25D17700371C2C /* ToDoTableViewCell.swift */; };
		6A517F9F1A25FB1000371C2C /* ToDoDetailViewController.swift in Sources */ = {isa = PBXBuildFile; fileRef = 6A517F9E1A25FB1000371C2C /* ToDoDetailViewController.swift */; };
		6A517FA11A26036800371C2C /* TodoItem.swift in Sources */ = {isa = PBXBuildFile; fileRef = 6A517FA01A26036800371C2C /* TodoItem.swift */; };
		6A517FA31A260CCE00371C2C /* TodoManager.swift in Sources */ = {isa = PBXBuildFile; fileRef = 6A517FA21A260CCE00371C2C /* TodoManager.swift */; };
		6A517FA71A26236F00371C2C /* mpthreetest.mp3 in Resources */ = {isa = PBXBuildFile; fileRef = 6A517FA41A26236F00371C2C /* mpthreetest.mp3 */; };
		6A517FA81A26236F00371C2C /* Video.MOV in Resources */ = {isa = PBXBuildFile; fileRef = 6A517FA51A26236F00371C2C /* Video.MOV */; };
		6A517FA91A26236F00371C2C /* wifi-wien-logo.jpg in Resources */ = {isa = PBXBuildFile; fileRef = 6A517FA61A26236F00371C2C /* wifi-wien-logo.jpg */; };
		6A796F2C1A1E363D0063F82A /* SecondViewController.swift in Sources */ = {isa = PBXBuildFile; fileRef = 6A796F2B1A1E363D0063F82A /* SecondViewController.swift */; };
		6AC418851A1DDE7200BCE28B /* AppDelegate.swift in Sources */ = {isa = PBXBuildFile; fileRef = 6AC418841A1DDE7200BCE28B /* AppDelegate.swift */; };
		6AC418871A1DDE7200BCE28B /* ViewController.swift in Sources */ = {isa = PBXBuildFile; fileRef = 6AC418861A1DDE7200BCE28B /* ViewController.swift */; };
		6AC4188A1A1DDE7200BCE28B /* Main.storyboard in Resources */ = {isa = PBXBuildFile; fileRef = 6AC418881A1DDE7200BCE28B /* Main.storyboard */; };
		6AC4188C1A1DDE7200BCE28B /* Images.xcassets in Resources */ = {isa = PBXBuildFile; fileRef = 6AC4188B1A1DDE7200BCE28B /* Images.xcassets */; };
		6AC4188F1A1DDE7200BCE28B /* LaunchScreen.xib in Resources */ = {isa = PBXBuildFile; fileRef = 6AC4188D1A1DDE7200BCE28B /* LaunchScreen.xib */; };
		6AC4189B1A1DDE7200BCE28B /* Xcode_StartTests.swift in Sources */ = {isa = PBXBuildFile; fileRef = 6AC4189A1A1DDE7200BCE28B /* Xcode_StartTests.swift */; };
		6AED706C1A273F1B0053F08E /* ImageViewController.swift in Sources */ = {isa = PBXBuildFile; fileRef = 6AED706B1A273F1B0053F08E /* ImageViewController.swift */; };
		6AED706E1A2752770053F08E /* MapKit.framework in Frameworks */ = {isa = PBXBuildFile; fileRef = 6AED706D1A2752770053F08E /* MapKit.framework */; };
		6AED70701A2752E00053F08E /* MapViewController.swift in Sources */ = {isa = PBXBuildFile; fileRef = 6AED706F1A2752E00053F08E /* MapViewController.swift */; };
		6AED70721A27538C0053F08E /* CoreLocation.framework in Frameworks */ = {isa = PBXBuildFile; fileRef = 6AED70711A27538C0053F08E /* CoreLocation.framework */; };
		6AED70741A275C1B0053F08E /* AudioViewController.swift in Sources */ = {isa = PBXBuildFile; fileRef = 6AED70731A275C1B0053F08E /* AudioViewController.swift */; };
		6AED70761A275DD40053F08E /* AVFoundation.framework in Frameworks */ = {isa = PBXBuildFile; fileRef = 6AED70751A275DD40053F08E /* AVFoundation.framework */; };
		6AED707A1A2762B70053F08E /* MultiMediaTableViewController.swift in Sources */ = {isa = PBXBuildFile; fileRef = 6AED70791A2762B70053F08E /* MultiMediaTableViewController.swift */; };
		6AED707C1A2763DE0053F08E /* AVKit.framework in Frameworks */ = {isa = PBXBuildFile; fileRef = 6AED707B1A2763DE0053F08E /* AVKit.framework */; };
		6AED707E1A276ABF0053F08E /* WebViewController.swift in Sources */ = {isa = PBXBuildFile; fileRef = 6AED707D1A276ABF0053F08E /* WebViewController.swift */; };
		6AED70801A2770760053F08E /* AnimationViewController.swift in Sources */ = {isa = PBXBuildFile; fileRef = 6AED707F1A2770760053F08E /* AnimationViewController.swift */; };
/* End PBXBuildFile section */

/* Begin PBXContainerItemProxy section */
		6AC418951A1DDE7200BCE28B /* PBXContainerItemProxy */ = {
			isa = PBXContainerItemProxy;
			containerPortal = 6AC418771A1DDE7200BCE28B /* Project object */;
			proxyType = 1;
			remoteGlobalIDString = 6AC4187E1A1DDE7200BCE28B;
			remoteInfo = "Xcode Start";
		};
/* End PBXContainerItemProxy section */

/* Begin PBXFileReference section */
		6A517F9A1A25C98700371C2C /* ToDoTableViewController.swift */ = {isa = PBXFileReference; fileEncoding = 4; lastKnownFileType = sourcecode.swift; path = ToDoTableViewController.swift; sourceTree = "<group>"; };
		6A517F9C1A25D17700371C2C /* ToDoTableViewCell.swift */ = {isa = PBXFileReference; fileEncoding = 4; lastKnownFileType = sourcecode.swift; path = ToDoTableViewCell.swift; sourceTree = "<group>"; };
		6A517F9E1A25FB1000371C2C /* ToDoDetailViewController.swift */ = {isa = PBXFileReference; fileEncoding = 4; lastKnownFileType = sourcecode.swift; path = ToDoDetailViewController.swift; sourceTree = "<group>"; };
		6A517FA01A26036800371C2C /* TodoItem.swift */ = {isa = PBXFileReference; fileEncoding = 4; lastKnownFileType = sourcecode.swift; path = TodoItem.swift; sourceTree = "<group>"; };
		6A517FA21A260CCE00371C2C /* TodoManager.swift */ = {isa = PBXFileReference; fileEncoding = 4; lastKnownFileType = sourcecode.swift; path = TodoManager.swift; sourceTree = "<group>"; };
		6A517FA41A26236F00371C2C /* mpthreetest.mp3 */ = {isa = PBXFileReference; lastKnownFileType = audio.mp3; path = mpthreetest.mp3; sourceTree = "<group>"; };
		6A517FA51A26236F00371C2C /* Video.MOV */ = {isa = PBXFileReference; lastKnownFileType = video.quicktime; path = Video.MOV; sourceTree = "<group>"; };
		6A517FA61A26236F00371C2C /* wifi-wien-logo.jpg */ = {isa = PBXFileReference; lastKnownFileType = image.jpeg; path = "wifi-wien-logo.jpg"; sourceTree = "<group>"; };
		6A796F2B1A1E363D0063F82A /* SecondViewController.swift */ = {isa = PBXFileReference; fileEncoding = 4; lastKnownFileType = sourcecode.swift; path = SecondViewController.swift; sourceTree = "<group>"; };
		6AC4187F1A1DDE7200BCE28B /* Xcode Start.app */ = {isa = PBXFileReference; explicitFileType = wrapper.application; includeInIndex = 0; path = "Xcode Start.app"; sourceTree = BUILT_PRODUCTS_DIR; };
		6AC418831A1DDE7200BCE28B /* Info.plist */ = {isa = PBXFileReference; lastKnownFileType = text.plist.xml; path = Info.plist; sourceTree = "<group>"; };
		6AC418841A1DDE7200BCE28B /* AppDelegate.swift */ = {isa = PBXFileReference; lastKnownFileType = sourcecode.swift; path = AppDelegate.swift; sourceTree = "<group>"; };
		6AC418861A1DDE7200BCE28B /* ViewController.swift */ = {isa = PBXFileReference; lastKnownFileType = sourcecode.swift; path = ViewController.swift; sourceTree = "<group>"; };
		6AC418891A1DDE7200BCE28B /* Base */ = {isa = PBXFileReference; lastKnownFileType = file.storyboard; name = Base; path = Base.lproj/Main.storyboard; sourceTree = "<group>"; };
		6AC4188B1A1DDE7200BCE28B /* Images.xcassets */ = {isa = PBXFileReference; lastKnownFileType = folder.assetcatalog; path = Images.xcassets; sourceTree = "<group>"; };
		6AC4188E1A1DDE7200BCE28B /* Base */ = {isa = PBXFileReference; lastKnownFileType = file.xib; name = Base; path = Base.lproj/LaunchScreen.xib; sourceTree = "<group>"; };
		6AC418941A1DDE7200BCE28B /* Xcode StartTests.xctest */ = {isa = PBXFileReference; explicitFileType = wrapper.cfbundle; includeInIndex = 0; path = "Xcode StartTests.xctest"; sourceTree = BUILT_PRODUCTS_DIR; };
		6AC418991A1DDE7200BCE28B /* Info.plist */ = {isa = PBXFileReference; lastKnownFileType = text.plist.xml; path = Info.plist; sourceTree = "<group>"; };
		6AC4189A1A1DDE7200BCE28B /* Xcode_StartTests.swift */ = {isa = PBXFileReference; lastKnownFileType = sourcecode.swift; path = Xcode_StartTests.swift; sourceTree = "<group>"; };
		6AC418A41A1DE8CF00BCE28B /* WifiPlayground.playground */ = {isa = PBXFileReference; lastKnownFileType = file.playground; name = WifiPlayground.playground; path = "Xcode StartTests/WifiPlayground.playground"; sourceTree = "<group>"; };
		6AED706B1A273F1B0053F08E /* ImageViewController.swift */ = {isa = PBXFileReference; fileEncoding = 4; lastKnownFileType = sourcecode.swift; path = ImageViewController.swift; sourceTree = "<group>"; };
		6AED706D1A2752770053F08E /* MapKit.framework */ = {isa = PBXFileReference; lastKnownFileType = wrapper.framework; name = MapKit.framework; path = System/Library/Frameworks/MapKit.framework; sourceTree = SDKROOT; };
		6AED706F1A2752E00053F08E /* MapViewController.swift */ = {isa = PBXFileReference; fileEncoding = 4; lastKnownFileType = sourcecode.swift; path = MapViewController.swift; sourceTree = "<group>"; };
		6AED70711A27538C0053F08E /* CoreLocation.framework */ = {isa = PBXFileReference; lastKnownFileType = wrapper.framework; name = CoreLocation.framework; path = System/Library/Frameworks/CoreLocation.framework; sourceTree = SDKROOT; };
		6AED70731A275C1B0053F08E /* AudioViewController.swift */ = {isa = PBXFileReference; fileEncoding = 4; lastKnownFileType = sourcecode.swift; path = AudioViewController.swift; sourceTree = "<group>"; };
		6AED70751A275DD40053F08E /* AVFoundation.framework */ = {isa = PBXFileReference; lastKnownFileType = wrapper.framework; name = AVFoundation.framework; path = System/Library/Frameworks/AVFoundation.framework; sourceTree = SDKROOT; };
		6AED70791A2762B70053F08E /* MultiMediaTableViewController.swift */ = {isa = PBXFileReference; fileEncoding = 4; lastKnownFileType = sourcecode.swift; name = MultiMediaTableViewController.swift; path = ../MultiMediaTableViewController.swift; sourceTree = "<group>"; };
		6AED707B1A2763DE0053F08E /* AVKit.framework */ = {isa = PBXFileReference; lastKnownFileType = wrapper.framework; name = AVKit.framework; path = System/Library/Frameworks/AVKit.framework; sourceTree = SDKROOT; };
		6AED707D1A276ABF0053F08E /* WebViewController.swift */ = {isa = PBXFileReference; fileEncoding = 4; lastKnownFileType = sourcecode.swift; path = WebViewController.swift; sourceTree = "<group>"; };
		6AED707F1A2770760053F08E /* AnimationViewController.swift */ = {isa = PBXFileReference; fileEncoding = 4; lastKnownFileType = sourcecode.swift; path = AnimationViewController.swift; sourceTree = "<group>"; };
/* End PBXFileReference section */

/* Begin PBXFrameworksBuildPhase section */
		6AC4187C1A1DDE7200BCE28B /* Frameworks */ = {
			isa = PBXFrameworksBuildPhase;
			buildActionMask = 2147483647;
			files = (
				6AED707C1A2763DE0053F08E /* AVKit.framework in Frameworks */,
				6AED70761A275DD40053F08E /* AVFoundation.framework in Frameworks */,
				6AED70721A27538C0053F08E /* CoreLocation.framework in Frameworks */,
				6AED706E1A2752770053F08E /* MapKit.framework in Frameworks */,
			);
			runOnlyForDeploymentPostprocessing = 0;
		};
		6AC418911A1DDE7200BCE28B /* Frameworks */ = {
			isa = PBXFrameworksBuildPhase;
			buildActionMask = 2147483647;
			files = (
			);
			runOnlyForDeploymentPostprocessing = 0;
		};
/* End PBXFrameworksBuildPhase section */

/* Begin PBXGroup section */
		6A517FAA1A26243500371C2C /* Media */ = {
			isa = PBXGroup;
			children = (
				6A517FA51A26236F00371C2C /* Video.MOV */,
				6A517FA41A26236F00371C2C /* mpthreetest.mp3 */,
				6A517FA61A26236F00371C2C /* wifi-wien-logo.jpg */,
			);
			name = Media;
			sourceTree = "<group>";
		};
		6AC418761A1DDE7200BCE28B = {
			isa = PBXGroup;
			children = (
				6AED70751A275DD40053F08E /* AVFoundation.framework */,
				6AED707B1A2763DE0053F08E /* AVKit.framework */,
				6AED70711A27538C0053F08E /* CoreLocation.framework */,
				6AED706D1A2752770053F08E /* MapKit.framework */,
				6AC418801A1DDE7200BCE28B /* Products */,
				6AC418A41A1DE8CF00BCE28B /* WifiPlayground.playground */,
				6AC418811A1DDE7200BCE28B /* Xcode Start */,
				6AC418971A1DDE7200BCE28B /* Xcode StartTests */,
			);
			sourceTree = "<group>";
		};
		6AC418801A1DDE7200BCE28B /* Products */ = {
			isa = PBXGroup;
			children = (
				6AC4187F1A1DDE7200BCE28B /* Xcode Start.app */,
				6AC418941A1DDE7200BCE28B /* Xcode StartTests.xctest */,
			);
			name = Products;
			sourceTree = "<group>";
		};
		6AC418811A1DDE7200BCE28B /* Xcode Start */ = {
			isa = PBXGroup;
			children = (
				6AED707F1A2770760053F08E /* AnimationViewController.swift */,
				6AC418841A1DDE7200BCE28B /* AppDelegate.swift */,
				6AED70731A275C1B0053F08E /* AudioViewController.swift */,
				6AC4188B1A1DDE7200BCE28B /* Images.xcassets */,
				6AED706B1A273F1B0053F08E /* ImageViewController.swift */,
				6AC4188D1A1DDE7200BCE28B /* LaunchScreen.xib */,
				6AC418881A1DDE7200BCE28B /* Main.storyboard */,
				6AED706F1A2752E00053F08E /* MapViewController.swift */,
				6A517FAA1A26243500371C2C /* Media */,
				6AED70791A2762B70053F08E /* MultiMediaTableViewController.swift */,
				6A796F2B1A1E363D0063F82A /* SecondViewController.swift */,
				6AC418821A1DDE7200BCE28B /* Supporting Files */,
				6A517F9E1A25FB1000371C2C /* ToDoDetailViewController.swift */,
				6A517FA01A26036800371C2C /* TodoItem.swift */,
				6A517FA21A260CCE00371C2C /* TodoManager.swift */,
				6A517F9C1A25D17700371C2C /* ToDoTableViewCell.swift */,
				6A517F9A1A25C98700371C2C /* ToDoTableViewController.swift */,
				6AC418861A1DDE7200BCE28B /* ViewController.swift */,
				6AED707D1A276ABF0053F08E /* WebViewController.swift */,
			);
			path = "Xcode Start";
			sourceTree = "<group>";
		};
		6AC418821A1DDE7200BCE28B /* Supporting Files */ = {
			isa = PBXGroup;
			children = (
				6AC418831A1DDE7200BCE28B /* Info.plist */,
			);
			name = "Supporting Files";
			sourceTree = "<group>";
		};
		6AC418971A1DDE7200BCE28B /* Xcode StartTests */ = {
			isa = PBXGroup;
			children = (
				6AC4189A1A1DDE7200BCE28B /* Xcode_StartTests.swift */,
				6AC418981A1DDE7200BCE28B /* Supporting Files */,
			);
			path = "Xcode StartTests";
			sourceTree = "<group>";
		};
		6AC418981A1DDE7200BCE28B /* Supporting Files */ = {
			isa = PBXGroup;
			children = (
				6AC418991A1DDE7200BCE28B /* Info.plist */,
			);
			name = "Supporting Files";
			sourceTree = "<group>";
		};
/* End PBXGroup section */

/* Begin PBXNativeTarget section */
		6AC4187E1A1DDE7200BCE28B /* Xcode Start */ = {
			isa = PBXNativeTarget;
			buildConfigurationList = 6AC4189E1A1DDE7200BCE28B /* Build configuration list for PBXNativeTarget "Xcode Start" */;
			buildPhases = (
				6AC4187B1A1DDE7200BCE28B /* Sources */,
				6AC4187C1A1DDE7200BCE28B /* Frameworks */,
				6AC4187D1A1DDE7200BCE28B /* Resources */,
			);
			buildRules = (
			);
			dependencies = (
			);
			name = "Xcode Start";
			productName = "Xcode Start";
			productReference = 6AC4187F1A1DDE7200BCE28B /* Xcode Start.app */;
			productType = "com.apple.product-type.application";
		};
		6AC418931A1DDE7200BCE28B /* Xcode StartTests */ = {
			isa = PBXNativeTarget;
			buildConfigurationList = 6AC418A11A1DDE7200BCE28B /* Build configuration list for PBXNativeTarget "Xcode StartTests" */;
			buildPhases = (
				6AC418901A1DDE7200BCE28B /* Sources */,
				6AC418911A1DDE7200BCE28B /* Frameworks */,
				6AC418921A1DDE7200BCE28B /* Resources */,
			);
			buildRules = (
			);
			dependencies = (
				6AC418961A1DDE7200BCE28B /* PBXTargetDependency */,
			);
			name = "Xcode StartTests";
			productName = "Xcode StartTests";
			productReference = 6AC418941A1DDE7200BCE28B /* Xcode StartTests.xctest */;
			productType = "com.apple.product-type.bundle.unit-test";
		};
/* End PBXNativeTarget section */

/* Begin PBXProject section */
		6AC418771A1DDE7200BCE28B /* Project object */ = {
			isa = PBXProject;
			attributes = {
				LastUpgradeCheck = 0610;
				ORGANIZATIONNAME = "Weinberger, Eva";
				TargetAttributes = {
					6AC4187E1A1DDE7200BCE28B = {
						CreatedOnToolsVersion = 6.1;
					};
					6AC418931A1DDE7200BCE28B = {
						CreatedOnToolsVersion = 6.1;
						TestTargetID = 6AC4187E1A1DDE7200BCE28B;
					};
				};
			};
			buildConfigurationList = 6AC4187A1A1DDE7200BCE28B /* Build configuration list for PBXProject "Xcode Start" */;
			compatibilityVersion = "Xcode 3.2";
			developmentRegion = English;
			hasScannedForEncodings = 0;
			knownRegions = (
				en,
				Base,
			);
			mainGroup = 6AC418761A1DDE7200BCE28B;
			productRefGroup = 6AC418801A1DDE7200BCE28B /* Products */;
			projectDirPath = "";
			projectRoot = "";
			targets = (
				6AC4187E1A1DDE7200BCE28B /* Xcode Start */,
				6AC418931A1DDE7200BCE28B /* Xcode StartTests */,
			);
		};
/* End PBXProject section */

/* Begin PBXResourcesBuildPhase section */
		6AC4187D1A1DDE7200BCE28B /* Resources */ = {
			isa = PBXResourcesBuildPhase;
			buildActionMask = 2147483647;
			files = (
				6AC4188A1A1DDE7200BCE28B /* Main.storyboard in Resources */,
				6AC4188F1A1DDE7200BCE28B /* LaunchScreen.xib in Resources */,
				6A517FA71A26236F00371C2C /* mpthreetest.mp3 in Resources */,
				6A517FA81A26236F00371C2C /* Video.MOV in Resources */,
				6A517FA91A26236F00371C2C /* wifi-wien-logo.jpg in Resources */,
				6AC4188C1A1DDE7200BCE28B /* Images.xcassets in Resources */,
			);
			runOnlyForDeploymentPostprocessing = 0;
		};
		6AC418921A1DDE7200BCE28B /* Resources */ = {
			isa = PBXResourcesBuildPhase;
			buildActionMask = 2147483647;
			files = (
			);
			runOnlyForDeploymentPostprocessing = 0;
		};
/* End PBXResourcesBuildPhase section */

/* Begin PBXSourcesBuildPhase section */
		6AC4187B1A1DDE7200BCE28B /* Sources */ = {
			isa = PBXSourcesBuildPhase;
			buildActionMask = 2147483647;
			files = (
				6A517FA11A26036800371C2C /* TodoItem.swift in Sources */,
				6AED706C1A273F1B0053F08E /* ImageViewController.swift in Sources */,
				6A796F2C1A1E363D0063F82A /* SecondViewController.swift in Sources */,
				6AED70701A2752E00053F08E /* MapViewController.swift in Sources */,
				6A517F9F1A25FB1000371C2C /* ToDoDetailViewController.swift in Sources */,
				6A517F9B1A25C98700371C2C /* ToDoTableViewController.swift in Sources */,
				6AC418871A1DDE7200BCE28B /* ViewController.swift in Sources */,
				6A517FA31A260CCE00371C2C /* TodoManager.swift in Sources */,
				6AED707A1A2762B70053F08E /* MultiMediaTableViewController.swift in Sources */,
				6AED70801A2770760053F08E /* AnimationViewController.swift in Sources */,
				6AED70741A275C1B0053F08E /* AudioViewController.swift in Sources */,
				6AC418851A1DDE7200BCE28B /* AppDelegate.swift in Sources */,
				6AED707E1A276ABF0053F08E /* WebViewController.swift in Sources */,
				6A517F9D1A25D17700371C2C /* ToDoTableViewCell.swift in Sources */,
			);
			runOnlyForDeploymentPostprocessing = 0;
		};
		6AC418901A1DDE7200BCE28B /* Sources */ = {
			isa = PBXSourcesBuildPhase;
			buildActionMask = 2147483647;
			files = (
				6AC4189B1A1DDE7200BCE28B /* Xcode_StartTests.swift in Sources */,
			);
			runOnlyForDeploymentPostprocessing = 0;
		};
/* End PBXSourcesBuildPhase section */

/* Begin PBXTargetDependency section */
		6AC418961A1DDE7200BCE28B /* PBXTargetDependency */ = {
			isa = PBXTargetDependency;
			target = 6AC4187E1A1DDE7200BCE28B /* Xcode Start */;
			targetProxy = 6AC418951A1DDE7200BCE28B /* PBXContainerItemProxy */;
		};
/* End PBXTargetDependency section */

/* Begin PBXVariantGroup section */
		6AC418881A1DDE7200BCE28B /* Main.storyboard */ = {
			isa = PBXVariantGroup;
			children = (
				6AC418891A1DDE7200BCE28B /* Base */,
			);
			name = Main.storyboard;
			sourceTree = "<group>";
		};
		6AC4188D1A1DDE7200BCE28B /* LaunchScreen.xib */ = {
			isa = PBXVariantGroup;
			children = (
				6AC4188E1A1DDE7200BCE28B /* Base */,
			);
			name = LaunchScreen.xib;
			sourceTree = "<group>";
		};
/* End PBXVariantGroup section */

/* Begin XCBuildConfiguration section */
		6AC4189C1A1DDE7200BCE28B /* Debug */ = {
			isa = XCBuildConfiguration;
			buildSettings = {
				ALWAYS_SEARCH_USER_PATHS = NO;
				CLANG_CXX_LANGUAGE_STANDARD = "gnu++0x";
				CLANG_CXX_LIBRARY = "libc++";
				CLANG_ENABLE_MODULES = YES;
				CLANG_ENABLE_OBJC_ARC = YES;
				CLANG_WARN_BOOL_CONVERSION = YES;
				CLANG_WARN_CONSTANT_CONVERSION = YES;
				CLANG_WARN_DIRECT_OBJC_ISA_USAGE = YES_ERROR;
				CLANG_WARN_EMPTY_BODY = YES;
				CLANG_WARN_ENUM_CONVERSION = YES;
				CLANG_WARN_INT_CONVERSION = YES;
				CLANG_WARN_OBJC_ROOT_CLASS = YES_ERROR;
				CLANG_WARN_UNREACHABLE_CODE = YES;
				CLANG_WARN__DUPLICATE_METHOD_MATCH = YES;
				"CODE_SIGN_IDENTITY[sdk=iphoneos*]" = "iPhone Developer";
				COPY_PHASE_STRIP = NO;
				ENABLE_STRICT_OBJC_MSGSEND = YES;
				GCC_C_LANGUAGE_STANDARD = gnu99;
				GCC_DYNAMIC_NO_PIC = NO;
				GCC_OPTIMIZATION_LEVEL = 0;
				GCC_PREPROCESSOR_DEFINITIONS = (
					"DEBUG=1",
					"$(inherited)",
				);
				GCC_SYMBOLS_PRIVATE_EXTERN = NO;
				GCC_WARN_64_TO_32_BIT_CONVERSION = YES;
				GCC_WARN_ABOUT_RETURN_TYPE = YES_ERROR;
				GCC_WARN_UNDECLARED_SELECTOR = YES;
				GCC_WARN_UNINITIALIZED_AUTOS = YES_AGGRESSIVE;
				GCC_WARN_UNUSED_FUNCTION = YES;
				GCC_WARN_UNUSED_VARIABLE = YES;
				IPHONEOS_DEPLOYMENT_TARGET = 8.1;
				MTL_ENABLE_DEBUG_INFO = YES;
				ONLY_ACTIVE_ARCH = YES;
				SDKROOT = iphoneos;
				SWIFT_OPTIMIZATION_LEVEL = "-Onone";
			};
			name = Debug;
		};
		6AC4189D1A1DDE7200BCE28B /* Release */ = {
			isa = XCBuildConfiguration;
			buildSettings = {
				ALWAYS_SEARCH_USER_PATHS = NO;
				CLANG_CXX_LANGUAGE_STANDARD = "gnu++0x";
				CLANG_CXX_LIBRARY = "libc++";
				CLANG_ENABLE_MODULES = YES;
				CLANG_ENABLE_OBJC_ARC = YES;
				CLANG_WARN_BOOL_CONVERSION = YES;
				CLANG_WARN_CONSTANT_CONVERSION = YES;
				CLANG_WARN_DIRECT_OBJC_ISA_USAGE = YES_ERROR;
				CLANG_WARN_EMPTY_BODY = YES;
				CLANG_WARN_ENUM_CONVERSION = YES;
				CLANG_WARN_INT_CONVERSION = YES;
				CLANG_WARN_OBJC_ROOT_CLASS = YES_ERROR;
				CLANG_WARN_UNREACHABLE_CODE = YES;
				CLANG_WARN__DUPLICATE_METHOD_MATCH = YES;
				"CODE_SIGN_IDENTITY[sdk=iphoneos*]" = "iPhone Developer";
				COPY_PHASE_STRIP = YES;
				ENABLE_NS_ASSERTIONS = NO;
				ENABLE_STRICT_OBJC_MSGSEND = YES;
				GCC_C_LANGUAGE_STANDARD = gnu99;
				GCC_WARN_64_TO_32_BIT_CONVERSION = YES;
				GCC_WARN_ABOUT_RETURN_TYPE = YES_ERROR;
				GCC_WARN_UNDECLARED_SELECTOR = YES;
				GCC_WARN_UNINITIALIZED_AUTOS = YES_AGGRESSIVE;
				GCC_WARN_UNUSED_FUNCTION = YES;
				GCC_WARN_UNUSED_VARIABLE = YES;
				IPHONEOS_DEPLOYMENT_TARGET = 8.1;
				MTL_ENABLE_DEBUG_INFO = NO;
				SDKROOT = iphoneos;
				VALIDATE_PRODUCT = YES;
			};
			name = Release;
		};
		6AC4189F1A1DDE7200BCE28B /* Debug */ = {
			isa = XCBuildConfiguration;
			buildSettings = {
				ASSETCATALOG_COMPILER_APPICON_NAME = AppIcon;
				INFOPLIST_FILE = "Xcode Start/Info.plist";
				LD_RUNPATH_SEARCH_PATHS = "$(inherited) @executable_path/Frameworks";
				PRODUCT_NAME = "$(TARGET_NAME)";
			};
			name = Debug;
		};
		6AC418A01A1DDE7200BCE28B /* Release */ = {
			isa = XCBuildConfiguration;
			buildSettings = {
				ASSETCATALOG_COMPILER_APPICON_NAME = AppIcon;
				INFOPLIST_FILE = "Xcode Start/Info.plist";
				LD_RUNPATH_SEARCH_PATHS = "$(inherited) @executable_path/Frameworks";
				PRODUCT_NAME = "$(TARGET_NAME)";
			};
			name = Release;
		};
		6AC418A21A1DDE7200BCE28B /* Debug */ = {
			isa = XCBuildConfiguration;
			buildSettings = {
				BUNDLE_LOADER = "$(TEST_HOST)";
				FRAMEWORK_SEARCH_PATHS = (
					"$(SDKROOT)/Developer/Library/Frameworks",
					"$(inherited)",
				);
				GCC_PREPROCESSOR_DEFINITIONS = (
					"DEBUG=1",
					"$(inherited)",
				);
				INFOPLIST_FILE = "Xcode StartTests/Info.plist";
				LD_RUNPATH_SEARCH_PATHS = "$(inherited) @executable_path/Frameworks @loader_path/Frameworks";
				PRODUCT_NAME = "$(TARGET_NAME)";
				TEST_HOST = "$(BUILT_PRODUCTS_DIR)/Xcode Start.app/Xcode Start";
			};
			name = Debug;
		};
		6AC418A31A1DDE7200BCE28B /* Release */ = {
			isa = XCBuildConfiguration;
			buildSettings = {
				BUNDLE_LOADER = "$(TEST_HOST)";
				FRAMEWORK_SEARCH_PATHS = (
					"$(SDKROOT)/Developer/Library/Frameworks",
					"$(inherited)",
				);
				INFOPLIST_FILE = "Xcode StartTests/Info.plist";
				LD_RUNPATH_SEARCH_PATHS = "$(inherited) @executable_path/Frameworks @loader_path/Frameworks";
				PRODUCT_NAME = "$(TARGET_NAME)";
				TEST_HOST = "$(BUILT_PRODUCTS_DIR)/Xcode Start.app/Xcode Start";
			};
			name = Release;
		};
/* End XCBuildConfiguration section */

/* Begin XCConfigurationList section */
		6AC4187A1A1DDE7200BCE28B /* Build configuration list for PBXProject "Xcode Start" */ = {
			isa = XCConfigurationList;
			buildConfigurations = (
				6AC4189C1A1DDE7200BCE28B /* Debug */,
				6AC4189D1A1DDE7200BCE28B /* Release */,
			);
			defaultConfigurationIsVisible = 0;
			defaultConfigurationName = Release;
		};
		6AC4189E1A1DDE7200BCE28B /* Build configuration list for PBXNativeTarget "Xcode Start" */ = {
			isa = XCConfigurationList;
			buildConfigurations = (
				6AC4189F1A1DDE7200BCE28B /* Debug */,
				6AC418A01A1DDE7200BCE28B /* Release */,
			);
			defaultConfigurationIsVisible = 0;
			defaultConfigurationName = Release;
		};
		6AC418A11A1DDE7200BCE28B /* Build configuration list for PBXNativeTarget "Xcode StartTests" */ = {
			isa = XCConfigurationList;
			buildConfigurations = (
				6AC418A21A1DDE7200BCE28B /* Debug */,
				6AC418A31A1DDE7200BCE28B /* Release */,
			);
			defaultConfigurationIsVisible = 0;
			defaultConfigurationName = Release;
		};
/* End XCConfigurationList section */
	};
	rootObject = 6AC418771A1DDE7200BCE28B /* Project object */;
}
